
Microsoft Visual Studio Solution File, Format Version 12.00
# Visual Studio Version 17
VisualStudioVersion = 17.3.32819.101
MinimumVisualStudioVersion = 10.0.40219.1
Project("{FAE04EC0-301F-11D3-BF4B-00C04F79EFBC}") = "DataDrivenTestTyping.Lib", "DataDrivenTestTyping.Lib\DataDrivenTestTyping.Lib.csproj", "{310240E7-5F17-4960-A890-ECE88C847E20}"
EndProject
Project("{FAE04EC0-301F-11D3-BF4B-00C04F79EFBC}") = "DataDrivenTestTyping.MsTest", "DataDrivenTestTyping.MsTest\DataDrivenTestTyping.MsTest.csproj", "{FCFB4E5D-9EFD-47D6-ABA7-25EFF012BFAE}"
EndProject
Global
	GlobalSection(SolutionConfigurationPlatforms) = preSolution
		Debug|Any CPU = Debug|Any CPU
		Release|Any CPU = Release|Any CPU
	EndGlobalSection
	GlobalSection(ProjectConfigurationPlatforms) = postSolution
		{310240E7-5F17-4960-A890-ECE88C847E20}.Debug|Any CPU.ActiveCfg = Debug|Any CPU
		{310240E7-5F17-4960-A890-ECE88C847E20}.Debug|Any CPU.Build.0 = Debug|Any CPU
		{310240E7-5F17-4960-A890-ECE88C847E20}.Release|Any CPU.ActiveCfg = Release|Any CPU
		{310240E7-5F17-4960-A890-ECE88C847E20}.Release|Any CPU.Build.0 = Release|Any CPU
		{FCFB4E5D-9EFD-47D6-ABA7-25EFF012BFAE}.Debug|Any CPU.ActiveCfg = Debug|Any CPU
		{FCFB4E5D-9EFD-47D6-ABA7-25EFF012BFAE}.Debug|Any CPU.Build.0 = Debug|Any CPU
		{FCFB4E5D-9EFD-47D6-ABA7-25EFF012BFAE}.Release|Any CPU.ActiveCfg = Release|Any CPU
		{FCFB4E5D-9EFD-47D6-ABA7-25EFF012BFAE}.Release|Any CPU.Build.0 = Release|Any CPU
	EndGlobalSection
	GlobalSection(SolutionProperties) = preSolution
		HideSolutionNode = FALSE
	EndGlobalSection
	GlobalSection(ExtensibilityGlobals) = postSolution
		SolutionGuid = {5B11BE67-6001-4BE0-B66C-387B8B28A905}
	EndGlobalSection
EndGlobal
